{
  "nodes": {
    "flake-parts": {
      "inputs": {
        "nixpkgs-lib": "nixpkgs-lib"
      },
      "locked": {
        "lastModified": 1782949081,
        "narHash": "sha256-vp6Y/Grm98ESt6ceOkWiHWyZRDV3J1RID4w+6NWK9yA=",
        "owner": "hercules-ci",
        "repo": "flake-parts",
        "rev": "17c9d6cdfc60c64f4ee8d306f9bc0b4ccb51481e",
        "type": "github"
      },
      "original": {
        "owner": "hercules-ci",
        "repo": "flake-parts",
        "type": "github"
      }
    },
    "foundryvtt": {
      "inputs": {
        "nixpkgs": "nixpkgs"
      },
      "locked": {
        "lastModified": 1782645112,
        "narHash": "sha256-y+HZBu/+rJSvyRUytE5nFbdkwD8wMVSu02nV2I9RpE4=",
        "owner": "reckenrode",
        "repo": "nix-foundryvtt",
        "rev": "5f39c5cac7baa2ebfaf8960a85985919d202e86f",
        "type": "github"
      },
      "original": {
        "owner": "reckenrode",
        "repo": "nix-foundryvtt",
        "type": "github"
      }
    },
    "nixpkgs": {
      "locked": {
        "lastModified": 1777673416,
        "narHash": "sha256-5c2POKPOjU40Kh0MirOdScBLG0bu9TAuPYAtPRNZMBs=",
        "owner": "nixos",
        "repo": "nixpkgs",
        "rev": "26ef669cffa904b6f6832ab57b77892a37c1a671",
        "type": "github"
      },
      "original": {
        "owner": "nixos",
        "ref": "nixos-25.11",
        "repo": "nixpkgs",
        "type": "github"
      }
    },
    "nixpkgs-lib": {
      "locked": {
        "lastModified": 1782614948,
        "narHash": "sha256-ePjCwr1sNm9NYUqywL7QfK3JnlS015msC+eBu2zKlp8=",
        "owner": "nix-community",
        "repo": "nixpkgs.lib",
        "rev": "db3f255737b94216eb71cce308e2912cf6bc2d7c",
        "type": "github"
      },
      "original": {
        "owner": "nix-community",
        "repo": "nixpkgs.lib",
        "type": "github"
      }
    },
    "nixpkgs_2": {
      "locked": {
        "lastModified": 1784210874,
        "narHash": "sha256-x8i+HYAulduMlM63oxWJj5tAm+Sc/W756wUzcV5p24w=",
        "owner": "NixOS",
        "repo": "nixpkgs",
        "rev": "59682e0069f0ed0a452e2179a7f4c1f247027b9e",
        "type": "github"
      },
      "original": {
        "owner": "NixOS",
        "ref": "nixpkgs-unstable",
        "repo": "nixpkgs",
        "type": "github"
      }
    },
    "root": {
      "inputs": {
        "flake-parts": "flake-parts",
        "foundryvtt": "foundryvtt",
        "nixpkgs": "nixpkgs_2"
      }
    }
  },
  "root": "root",
  "version": 7
}
